
Microsoft Visual Studio Solution File, Format Version 12.00
# Visual Studio Version 17
VisualStudioVersion = 17.10.35013.160
MinimumVisualStudioVersion = 10.0.40219.1
Project("{9A19103F-16F7-4668-BE54-9A1E7A4F7556}") = "ShiftsApi", "ShiftsApi.csproj", "{1EE33993-85CB-4867-9B97-90A9E25E4267}"
EndProject
Project("{2150E333-8FDC-42A3-9474-1A3956D46DE8}") = "Models", "Models", "{A931364B-2087-4872-9567-147542BF9FC2}"
	ProjectSection(SolutionItems) = preProject
		Employee.cs = Employee.cs
		Shift.cs = Shift.cs
		ShiftContext.cs = ShiftContext.cs
	EndProjectSection
EndProject
Project("{FAE04EC0-301F-11D3-BF4B-00C04F79EFBC}") = "ShiftLoggerApp", "..\ShiftLoggerApp\ShiftLoggerApp.csproj", "{1FA06A0C-7580-4257-8AE4-F614F0EA674F}"
EndProject
Global
	GlobalSection(SolutionConfigurationPlatforms) = preSolution
		Debug|Any CPU = Debug|Any CPU
		Release|Any CPU = Release|Any CPU
	EndGlobalSection
	GlobalSection(ProjectConfigurationPlatforms) = postSolution
		{1EE33993-85CB-4867-9B97-90A9E25E4267}.Debug|Any CPU.ActiveCfg = Debug|Any CPU
		{1EE33993-85CB-4867-9B97-90A9E25E4267}.Debug|Any CPU.Build.0 = Debug|Any CPU
		{1EE33993-85CB-4867-9B97-90A9E25E4267}.Release|Any CPU.ActiveCfg = Release|Any CPU
		{1EE33993-85CB-4867-9B97-90A9E25E4267}.Release|Any CPU.Build.0 = Release|Any CPU
		{1FA06A0C-7580-4257-8AE4-F614F0EA674F}.Debug|Any CPU.ActiveCfg = Debug|Any CPU
		{1FA06A0C-7580-4257-8AE4-F614F0EA674F}.Debug|Any CPU.Build.0 = Debug|Any CPU
		{1FA06A0C-7580-4257-8AE4-F614F0EA674F}.Release|Any CPU.ActiveCfg = Release|Any CPU
		{1FA06A0C-7580-4257-8AE4-F614F0EA674F}.Release|Any CPU.Build.0 = Release|Any CPU
	EndGlobalSection
	GlobalSection(SolutionProperties) = preSolution
		HideSolutionNode = FALSE
	EndGlobalSection
	GlobalSection(ExtensibilityGlobals) = postSolution
		SolutionGuid = {56E4D2D4-BE5E-4F7D-B17D-458E6B86D880}
	EndGlobalSection
EndGlobal
